
Microsoft Visual Studio Solution File, Format Version 12.00
# Visual Studio Version 17
VisualStudioVersion = 17.13.35825.156
MinimumVisualStudioVersion = 10.0.40219.1
Project("{2150E333-8FDC-42A3-9474-1A3956D46DE8}") = "tests", "tests", "{0AB3BF05-4346-4AA6-1389-037BE0695223}"
EndProject
Project("{2150E333-8FDC-42A3-9474-1A3956D46DE8}") = "Unit", "Unit", "{9D556B49-86D1-93A7-9596-FFAAB74EC556}"
EndProject
Project("{FAE04EC0-301F-11D3-BF4B-00C04F79EFBC}") = "Blazorify.Flux.Tests.Unit", "tests\Unit\Blazorify.Flux.Tests.Unit.csproj", "{3D371A4C-353E-4EAF-922B-1B153F5ED881}"
EndProject
Project("{2150E333-8FDC-42A3-9474-1A3956D46DE8}") = "src", "src", "{827E0CD3-B72D-47B6-A68D-7590B98EB39B}"
EndProject
Project("{FAE04EC0-301F-11D3-BF4B-00C04F79EFBC}") = "Blazorify.Flux", "src\Blazorify.Flux.csproj", "{7B9CE7E1-B5F0-4F3F-8759-DAF9D53E58D5}"
EndProject
Project("{2150E333-8FDC-42A3-9474-1A3956D46DE8}") = "demo", "demo", "{A39C23D2-F2C0-258D-165A-CF1E7FEE6E7B}"
EndProject
Project("{FAE04EC0-301F-11D3-BF4B-00C04F79EFBC}") = "Blazorify.Flux.Demo", "demo\Blazorify.Flux.Demo.csproj", "{0A2AC23C-758B-4AC3-99B6-21BD6107C992}"
EndProject
Project("{2150E333-8FDC-42A3-9474-1A3956D46DE8}") = "Integration", "Integration", "{28A6993C-471E-82FE-7D9E-AD3B1EC22BD9}"
EndProject
Project("{FAE04EC0-301F-11D3-BF4B-00C04F79EFBC}") = "Blazorify.Flux.Tests.Integration", "tests\Integration\Blazorify.Flux.Tests.Integration.csproj", "{C20E5214-72C7-40E4-91C9-E54FA946BC00}"
EndProject
Project("{2150E333-8FDC-42A3-9474-1A3956D46DE8}") = "Components", "Components", "{07A47295-3F79-64EE-F7BD-4C8175965B57}"
EndProject
Project("{FAE04EC0-301F-11D3-BF4B-00C04F79EFBC}") = "Blazorify.Flux.Tests.Components", "tests\Components\Blazorify.Flux.Tests.Components.csproj", "{969BB040-699D-48D7-8415-18F60C553ADC}"
EndProject
Global
	GlobalSection(SolutionConfigurationPlatforms) = preSolution
		Debug|Any CPU = Debug|Any CPU
		Debug|x64 = Debug|x64
		Debug|x86 = Debug|x86
		Release|Any CPU = Release|Any CPU
		Release|x64 = Release|x64
		Release|x86 = Release|x86
	EndGlobalSection
	GlobalSection(ProjectConfigurationPlatforms) = postSolution
		{3D371A4C-353E-4EAF-922B-1B153F5ED881}.Debug|Any CPU.ActiveCfg = Debug|Any CPU
		{3D371A4C-353E-4EAF-922B-1B153F5ED881}.Debug|Any CPU.Build.0 = Debug|Any CPU
		{3D371A4C-353E-4EAF-922B-1B153F5ED881}.Debug|x64.ActiveCfg = Debug|Any CPU
		{3D371A4C-353E-4EAF-922B-1B153F5ED881}.Debug|x64.Build.0 = Debug|Any CPU
		{3D371A4C-353E-4EAF-922B-1B153F5ED881}.Debug|x86.ActiveCfg = Debug|Any CPU
		{3D371A4C-353E-4EAF-922B-1B153F5ED881}.Debug|x86.Build.0 = Debug|Any CPU
		{3D371A4C-353E-4EAF-922B-1B153F5ED881}.Release|Any CPU.ActiveCfg = Release|Any CPU
		{3D371A4C-353E-4EAF-922B-1B153F5ED881}.Release|Any CPU.Build.0 = Release|Any CPU
		{3D371A4C-353E-4EAF-922B-1B153F5ED881}.Release|x64.ActiveCfg = Release|Any CPU
		{3D371A4C-353E-4EAF-922B-1B153F5ED881}.Release|x64.Build.0 = Release|Any CPU
		{3D371A4C-353E-4EAF-922B-1B153F5ED881}.Release|x86.ActiveCfg = Release|Any CPU
		{3D371A4C-353E-4EAF-922B-1B153F5ED881}.Release|x86.Build.0 = Release|Any CPU
		{7B9CE7E1-B5F0-4F3F-8759-DAF9D53E58D5}.Debug|Any CPU.ActiveCfg = Debug|Any CPU
		{7B9CE7E1-B5F0-4F3F-8759-DAF9D53E58D5}.Debug|Any CPU.Build.0 = Debug|Any CPU
		{7B9CE7E1-B5F0-4F3F-8759-DAF9D53E58D5}.Debug|x64.ActiveCfg = Debug|Any CPU
		{7B9CE7E1-B5F0-4F3F-8759-DAF9D53E58D5}.Debug|x64.Build.0 = Debug|Any CPU
		{7B9CE7E1-B5F0-4F3F-8759-DAF9D53E58D5}.Debug|x86.ActiveCfg = Debug|Any CPU
		{7B9CE7E1-B5F0-4F3F-8759-DAF9D53E58D5}.Debug|x86.Build.0 = Debug|Any CPU
		{7B9CE7E1-B5F0-4F3F-8759-DAF9D53E58D5}.Release|Any CPU.ActiveCfg = Release|Any CPU
		{7B9CE7E1-B5F0-4F3F-8759-DAF9D53E58D5}.Release|Any CPU.Build.0 = Release|Any CPU
		{7B9CE7E1-B5F0-4F3F-8759-DAF9D53E58D5}.Release|x64.ActiveCfg = Release|Any CPU
		{7B9CE7E1-B5F0-4F3F-8759-DAF9D53E58D5}.Release|x64.Build.0 = Release|Any CPU
		{7B9CE7E1-B5F0-4F3F-8759-DAF9D53E58D5}.Release|x86.ActiveCfg = Release|Any CPU
		{7B9CE7E1-B5F0-4F3F-8759-DAF9D53E58D5}.Release|x86.Build.0 = Release|Any CPU
		{0A2AC23C-758B-4AC3-99B6-21BD6107C992}.Debug|Any CPU.ActiveCfg = Debug|Any CPU
		{0A2AC23C-758B-4AC3-99B6-21BD6107C992}.Debug|Any CPU.Build.0 = Debug|Any CPU
		{0A2AC23C-758B-4AC3-99B6-21BD6107C992}.Debug|x64.ActiveCfg = Debug|Any CPU
		{0A2AC23C-758B-4AC3-99B6-21BD6107C992}.Debug|x64.Build.0 = Debug|Any CPU
		{0A2AC23C-758B-4AC3-99B6-21BD6107C992}.Debug|x86.ActiveCfg = Debug|Any CPU
		{0A2AC23C-758B-4AC3-99B6-21BD6107C992}.Debug|x86.Build.0 = Debug|Any CPU
		{0A2AC23C-758B-4AC3-99B6-21BD6107C992}.Release|Any CPU.ActiveCfg = Release|Any CPU
		{0A2AC23C-758B-4AC3-99B6-21BD6107C992}.Release|Any CPU.Build.0 = Release|Any CPU
		{0A2AC23C-758B-4AC3-99B6-21BD6107C992}.Release|x64.ActiveCfg = Release|Any CPU
		{0A2AC23C-758B-4AC3-99B6-21BD6107C992}.Release|x64.Build.0 = Release|Any CPU
		{0A2AC23C-758B-4AC3-99B6-21BD6107C992}.Release|x86.ActiveCfg = Release|Any CPU
		{0A2AC23C-758B-4AC3-99B6-21BD6107C992}.Release|x86.Build.0 = Release|Any CPU
		{C20E5214-72C7-40E4-91C9-E54FA946BC00}.Debug|Any CPU.ActiveCfg = Debug|Any CPU
		{C20E5214-72C7-40E4-91C9-E54FA946BC00}.Debug|Any CPU.Build.0 = Debug|Any CPU
		{C20E5214-72C7-40E4-91C9-E54FA946BC00}.Debug|x64.ActiveCfg = Debug|Any CPU
		{C20E5214-72C7-40E4-91C9-E54FA946BC00}.Debug|x64.Build.0 = Debug|Any CPU
		{C20E5214-72C7-40E4-91C9-E54FA946BC00}.Debug|x86.ActiveCfg = Debug|Any CPU
		{C20E5214-72C7-40E4-91C9-E54FA946BC00}.Debug|x86.Build.0 = Debug|Any CPU
		{C20E5214-72C7-40E4-91C9-E54FA946BC00}.Release|Any CPU.ActiveCfg = Release|Any CPU
		{C20E5214-72C7-40E4-91C9-E54FA946BC00}.Release|Any CPU.Build.0 = Release|Any CPU
		{C20E5214-72C7-40E4-91C9-E54FA946BC00}.Release|x64.ActiveCfg = Release|Any CPU
		{C20E5214-72C7-40E4-91C9-E54FA946BC00}.Release|x64.Build.0 = Release|Any CPU
		{C20E5214-72C7-40E4-91C9-E54FA946BC00}.Release|x86.ActiveCfg = Release|Any CPU
		{C20E5214-72C7-40E4-91C9-E54FA946BC00}.Release|x86.Build.0 = Release|Any CPU
		{969BB040-699D-48D7-8415-18F60C553ADC}.Debug|Any CPU.ActiveCfg = Debug|Any CPU
		{969BB040-699D-48D7-8415-18F60C553ADC}.Debug|Any CPU.Build.0 = Debug|Any CPU
		{969BB040-699D-48D7-8415-18F60C553ADC}.Debug|x64.ActiveCfg = Debug|Any CPU
		{969BB040-699D-48D7-8415-18F60C553ADC}.Debug|x64.Build.0 = Debug|Any CPU
		{969BB040-699D-48D7-8415-18F60C553ADC}.Debug|x86.ActiveCfg = Debug|Any CPU
		{969BB040-699D-48D7-8415-18F60C553ADC}.Debug|x86.Build.0 = Debug|Any CPU
		{969BB040-699D-48D7-8415-18F60C553ADC}.Release|Any CPU.ActiveCfg = Release|Any CPU
		{969BB040-699D-48D7-8415-18F60C553ADC}.Release|Any CPU.Build.0 = Release|Any CPU
		{969BB040-699D-48D7-8415-18F60C553ADC}.Release|x64.ActiveCfg = Release|Any CPU
		{969BB040-699D-48D7-8415-18F60C553ADC}.Release|x64.Build.0 = Release|Any CPU
		{969BB040-699D-48D7-8415-18F60C553ADC}.Release|x86.ActiveCfg = Release|Any CPU
		{969BB040-699D-48D7-8415-18F60C553ADC}.Release|x86.Build.0 = Release|Any CPU
	EndGlobalSection
	GlobalSection(SolutionProperties) = preSolution
		HideSolutionNode = FALSE
	EndGlobalSection
	GlobalSection(NestedProjects) = preSolution
		{9D556B49-86D1-93A7-9596-FFAAB74EC556} = {0AB3BF05-4346-4AA6-1389-037BE0695223}
		{3D371A4C-353E-4EAF-922B-1B153F5ED881} = {9D556B49-86D1-93A7-9596-FFAAB74EC556}
		{7B9CE7E1-B5F0-4F3F-8759-DAF9D53E58D5} = {827E0CD3-B72D-47B6-A68D-7590B98EB39B}
		{0A2AC23C-758B-4AC3-99B6-21BD6107C992} = {A39C23D2-F2C0-258D-165A-CF1E7FEE6E7B}
		{28A6993C-471E-82FE-7D9E-AD3B1EC22BD9} = {0AB3BF05-4346-4AA6-1389-037BE0695223}
		{C20E5214-72C7-40E4-91C9-E54FA946BC00} = {28A6993C-471E-82FE-7D9E-AD3B1EC22BD9}
		{07A47295-3F79-64EE-F7BD-4C8175965B57} = {0AB3BF05-4346-4AA6-1389-037BE0695223}
		{969BB040-699D-48D7-8415-18F60C553ADC} = {07A47295-3F79-64EE-F7BD-4C8175965B57}
	EndGlobalSection
	GlobalSection(ExtensibilityGlobals) = postSolution
		SolutionGuid = {E0007F9D-1D48-463C-9E99-11F5F1B3BA46}
	EndGlobalSection
EndGlobal
